{
  "name": "native_counter",
  "version": "0.1.0",
  "lockfileVersion": 3,
  "requires": true,
  "packages": {
    "": {
      "name": "native_counter",
      "version": "0.1.0",
      "license": "MIT",
      "devDependencies": {
        "@neon-rs/cli": "0.1.68"
      }
    },
    "node_modules/@cargo-messages/android-arm-eabi": {
      "version": "0.1.67",
      "resolved": "https://registry.npmmirror.com/@cargo-messages/android-arm-eabi/-/android-arm-eabi-0.1.67.tgz",
      "integrity": "sha512-L2u1zuPIy7iTB4AQyzXHTPlHtCF9L1VKsyfTLr8TBL7kXXnW+juorxujuYTKKO2Gw2ndb+NjPY27ZFqpPjtaXA==",
      "cpu": [
        "arm"
      ],
      "dev": true,
      "license": "MIT",
      "optional": true,
      "os": [
        "android"
      ]
    },
    "node_modules/@cargo-messages/darwin-arm64": {
      "version": "0.1.67",
      "resolved": "https://registry.npmmirror.com/@cargo-messages/darwin-arm64/-/darwin-arm64-0.1.67.tgz",
      "integrity": "sha512-LjJiPbxn1TzvYnCH4Vrq0O8leLX1koVnmeLiJsdO5INBUrfJZeV/7tijLEtS6ZZhAR00B1nurJL6ycrUHY6F3g==",
      "cpu": [
        "arm64"
      ],
      "dev": true,
      "license": "MIT",
      "optional": true,
      "os": [
        "darwin"
      ]
    },
    "node_modules/@cargo-messages/darwin-x64": {
      "version": "0.1.67",
      "resolved": "https://registry.npmmirror.com/@cargo-messages/darwin-x64/-/darwin-x64-0.1.67.tgz",
      "integrity": "sha512-XHKSnBLO8heVUuWPzYmyZMTFTc5pp4YREHNaviFoukVl6DPw2nUz3eclwI7EesUXtdjYiHegKB+9RgkpvzWijw==",
      "cpu": [
        "x64"
      ],
      "dev": true,
      "license": "MIT",
      "optional": true,
      "os": [
        "darwin"
      ]
    },
    "node_modules/@cargo-messages/linux-arm-gnueabihf": {
      "version": "0.1.67",
      "resolved": "https://registry.npmmirror.com/@cargo-messages/linux-arm-gnueabihf/-/linux-arm-gnueabihf-0.1.67.tgz",
      "integrity": "sha512-CnrdvDEU9KfXh66UqYnJBw9h/JnstYHAZiTdf05HEPdv+T8HNVnFvalQ5nYWd2kezezvqpz7MVHNEnqtKdxEPQ==",
      "cpu": [
        "arm"
      ],
      "dev": true,
      "license": "MIT",
      "optional": true,
      "os": [
        "linux"
      ]
    },
    "node_modules/@cargo-messages/linux-x64-gnu": {
      "version": "0.1.67",
      "resolved": "https://registry.npmmirror.com/@cargo-messages/linux-x64-gnu/-/linux-x64-gnu-0.1.67.tgz",
      "integrity": "sha512-UzJ7rCx1Ch8gOrdXSnnPS1CmzYcPr6suIvPo/vx6+xGJQuCpNA38PpjhKul9vwH9cDXHwNUq5/3JbEIxBTjCyw==",
      "cpu": [
        "x64"
      ],
      "dev": true,
      "license": "MIT",
      "optional": true,
      "os": [
        "linux"
      ]
    },
    "node_modules/@cargo-messages/win32-arm64-msvc": {
      "version": "0.1.67",
      "resolved": "https://registry.npmmirror.com/@cargo-messages/win32-arm64-msvc/-/win32-arm64-msvc-0.1.67.tgz",
      "integrity": "sha512-Cbp9aBu1T3BhjSNUN/3v51Qr7bkSUNo5cwYMCZlkOdjepxNqTBhCEAzm2CHD9W0osdJrMF9/c8RX5yu0UkjxFQ==",
      "cpu": [
        "arm64"
      ],
      "dev": true,
      "license": "MIT",
      "optional": true,
      "os": [
        "win32"
      ]
    },
    "node_modules/@cargo-messages/win32-x64-msvc": {
      "version": "0.1.67",
      "resolved": "https://registry.npmmirror.com/@cargo-messages/win32-x64-msvc/-/win32-x64-msvc-0.1.67.tgz",
      "integrity": "sha512-ASs8v5cWzbyDU+OsMHRmkOMy0IW+ZRMWyLvbanTp68cDsInyPbQc0JMAcMY1GIMKhCZCUmg3ClJt5I+ytUxTUg==",
      "cpu": [
        "x64"
      ],
      "dev": true,
      "license": "MIT",
      "optional": true,
      "os": [
        "win32"
      ]
    },
    "node_modules/@neon-rs/cli": {
      "version": "0.1.68",
      "resolved": "https://registry.npmmirror.com/@neon-rs/cli/-/cli-0.1.68.tgz",
      "integrity": "sha512-K3U/DUC7oxBKAGfU3P6tDW8K2ir39Peqaeyrgm+xRxJ2sRuYp/PzbJNuYnjOA/7GWGYt/xDOeEdh6QOV1PGRTg==",
      "dev": true,
      "license": "MIT",
      "bin": {
        "neon": "index.js"
      },
      "optionalDependencies": {
        "@cargo-messages/android-arm-eabi": "0.1.67",
        "@cargo-messages/darwin-arm64": "0.1.67",
        "@cargo-messages/darwin-x64": "0.1.67",
        "@cargo-messages/linux-arm-gnueabihf": "0.1.67",
        "@cargo-messages/linux-x64-gnu": "0.1.67",
        "@cargo-messages/win32-arm64-msvc": "0.1.67",
        "@cargo-messages/win32-x64-msvc": "0.1.67"
      }
    }
  }
}
